# Locked dependency versions for the pose graph backend.
# Generated by scripts/lock_deps.sh on 2026-09-23T10:15:10Z
# Regenerate after upgrading the toolchain; CMake enforces minimum versions.

## build toolchain
cxx=13.3.0
cmake=3.28.3

## libraries (dpkg)
libceres-dev=2.2.0+dfsg-4.1ubuntu2
libeigen3-dev=3.4.0-4build0.1
libsqlite3-dev=3.45.1-1ubuntu2.8
libsuitesparse-dev=1:7.6.1+dfsg-1build1

## resolved cmake packages
ceres_cmake=2.2.0
sqlite3_cmake=3.45.1
